
Microsoft Visual Studio Solution File, Format Version 12.00
# Visual Studio Version 17
VisualStudioVersion = 17.10.35122.118
MinimumVisualStudioVersion = 10.0.40219.1
Project("{FAE04EC0-301F-11D3-BF4B-00C04F79EFBC}") = "Systemlibrary", "Systemlibrary.csproj", "{8059333F-2985-4248-AB1B-8919F0AA6DD6}"
EndProject
Global
	GlobalSection(SolutionConfigurationPlatforms) = preSolution
		Debug|Any CPU = Debug|Any CPU
		Release|Any CPU = Release|Any CPU
	EndGlobalSection
	GlobalSection(ProjectConfigurationPlatforms) = postSolution
		{8059333F-2985-4248-AB1B-8919F0AA6DD6}.Debug|Any CPU.ActiveCfg = Debug|Any CPU
		{8059333F-2985-4248-AB1B-8919F0AA6DD6}.Debug|Any CPU.Build.0 = Debug|Any CPU
		{8059333F-2985-4248-AB1B-8919F0AA6DD6}.Release|Any CPU.ActiveCfg = Release|Any CPU
		{8059333F-2985-4248-AB1B-8919F0AA6DD6}.Release|Any CPU.Build.0 = Release|Any CPU
	EndGlobalSection
	GlobalSection(SolutionProperties) = preSolution
		HideSolutionNode = FALSE
	EndGlobalSection
	GlobalSection(ExtensibilityGlobals) = postSolution
		SolutionGuid = {54EB6423-F532-4346-BF05-B0A8EBB60292}
	EndGlobalSection
EndGlobal
